
Microsoft Visual Studio Solution File, Format Version 12.00
# Visual Studio Version 16
VisualStudioVersion = 16.0.30711.63
MinimumVisualStudioVersion = 10.0.40219.1
Project("{9A19103F-16F7-4668-BE54-9A1E7A4F7556}") = "REPL", "ConsoleRun\REPL.csproj", "{9E21BC35-2941-4E62-B845-ED47EFCC0B68}"
	ProjectSection(ProjectDependencies) = postProject
		{42B32E45-4E35-42D1-BF79-9377BEC235E3} = {42B32E45-4E35-42D1-BF79-9377BEC235E3}
	EndProjectSection
EndProject
Project("{9A19103F-16F7-4668-BE54-9A1E7A4F7556}") = "ZLisp", "ZLisp\ZLisp.csproj", "{42B32E45-4E35-42D1-BF79-9377BEC235E3}"
EndProject
Global
	GlobalSection(SolutionConfigurationPlatforms) = preSolution
		Debug|Any CPU = Debug|Any CPU
		Release|Any CPU = Release|Any CPU
	EndGlobalSection
	GlobalSection(ProjectConfigurationPlatforms) = postSolution
		{9E21BC35-2941-4E62-B845-ED47EFCC0B68}.Debug|Any CPU.ActiveCfg = Debug|Any CPU
		{9E21BC35-2941-4E62-B845-ED47EFCC0B68}.Debug|Any CPU.Build.0 = Debug|Any CPU
		{9E21BC35-2941-4E62-B845-ED47EFCC0B68}.Release|Any CPU.ActiveCfg = Release|Any CPU
		{9E21BC35-2941-4E62-B845-ED47EFCC0B68}.Release|Any CPU.Build.0 = Release|Any CPU
		{42B32E45-4E35-42D1-BF79-9377BEC235E3}.Debug|Any CPU.ActiveCfg = Debug|Any CPU
		{42B32E45-4E35-42D1-BF79-9377BEC235E3}.Debug|Any CPU.Build.0 = Debug|Any CPU
		{42B32E45-4E35-42D1-BF79-9377BEC235E3}.Release|Any CPU.ActiveCfg = Release|Any CPU
		{42B32E45-4E35-42D1-BF79-9377BEC235E3}.Release|Any CPU.Build.0 = Release|Any CPU
	EndGlobalSection
	GlobalSection(SolutionProperties) = preSolution
		HideSolutionNode = FALSE
	EndGlobalSection
	GlobalSection(ExtensibilityGlobals) = postSolution
		SolutionGuid = {81676DE5-B6E3-4209-B67D-BE0DCD6450AA}
	EndGlobalSection
EndGlobal
